// !$*UTF8*$!
{
	archiveVersion = 1;
	classes = {
	};
	objectVersion = 56;
	objects = {

/* Begin PBXBuildFile section */
		7207A5562C93289200764961 /* StreamChat in Frameworks */ = {isa = PBXBuildFile; productRef = 7207A5552C93289200764961 /* StreamChat */; };
		7207A5582C93289200764961 /* StreamChatUI in Frameworks */ = {isa = PBXBuildFile; productRef = 7207A5572C93289200764961 /* StreamChatUI */; };
		7207A55B2C9328B100764961 /* ChatManager.swift in Sources */ = {isa = PBXBuildFile; fileRef = 7207A55A2C9328B100764961 /* ChatManager.swift */; };
		7207A55E2C93782900764961 /* iMessageChannelListItemView.swift in Sources */ = {isa = PBXBuildFile; fileRef = 7207A55D2C93782900764961 /* iMessageChannelListItemView.swift */; };
		7207A5602C9383FD00764961 /* CustomChatChannelHeaderView.swift in Sources */ = {isa = PBXBuildFile; fileRef = 7207A55F2C9383FD00764961 /* CustomChatChannelHeaderView.swift */; };
		7207A5622C942BE400764961 /* ChatChannelListCollectionViewCell.swift in Sources */ = {isa = PBXBuildFile; fileRef = 7207A5612C942BE400764961 /* ChatChannelListCollectionViewCell.swift */; };
		7207A5642C9446D500764961 /* CustomChannelViewController.swift in Sources */ = {isa = PBXBuildFile; fileRef = 7207A5632C9446D500764961 /* CustomChannelViewController.swift */; };
		7207A5662C994CED00764961 /* CustomChatMessageListVC.swift in Sources */ = {isa = PBXBuildFile; fileRef = 7207A5652C994CED00764961 /* CustomChatMessageListVC.swift */; };
		72B245CD2C920BA600C98322 /* AppDelegate.swift in Sources */ = {isa = PBXBuildFile; fileRef = 72B245CC2C920BA600C98322 /* AppDelegate.swift */; };
		72B245CF2C920BA600C98322 /* SceneDelegate.swift in Sources */ = {isa = PBXBuildFile; fileRef = 72B245CE2C920BA600C98322 /* SceneDelegate.swift */; };
		72B245D12C920BA600C98322 /* ViewController.swift in Sources */ = {isa = PBXBuildFile; fileRef = 72B245D02C920BA600C98322 /* ViewController.swift */; };
		72B245D42C920BA600C98322 /* Main.storyboard in Resources */ = {isa = PBXBuildFile; fileRef = 72B245D22C920BA600C98322 /* Main.storyboard */; };
		72B245D62C920BA700C98322 /* Assets.xcassets in Resources */ = {isa = PBXBuildFile; fileRef = 72B245D52C920BA700C98322 /* Assets.xcassets */; };
		72B245D92C920BA700C98322 /* LaunchScreen.storyboard in Resources */ = {isa = PBXBuildFile; fileRef = 72B245D72C920BA700C98322 /* LaunchScreen.storyboard */; };
/* End PBXBuildFile section */

/* Begin PBXFileReference section */
		7207A55A2C9328B100764961 /* ChatManager.swift */ = {isa = PBXFileReference; lastKnownFileType = sourcecode.swift; path = ChatManager.swift; sourceTree = "<group>"; };
		7207A55D2C93782900764961 /* iMessageChannelListItemView.swift */ = {isa = PBXFileReference; lastKnownFileType = sourcecode.swift; path = iMessageChannelListItemView.swift; sourceTree = "<group>"; };
		7207A55F2C9383FD00764961 /* CustomChatChannelHeaderView.swift */ = {isa = PBXFileReference; lastKnownFileType = sourcecode.swift; path = CustomChatChannelHeaderView.swift; sourceTree = "<group>"; };
		7207A5612C942BE400764961 /* ChatChannelListCollectionViewCell.swift */ = {isa = PBXFileReference; lastKnownFileType = sourcecode.swift; path = ChatChannelListCollectionViewCell.swift; sourceTree = "<group>"; };
		7207A5632C9446D500764961 /* CustomChannelViewController.swift */ = {isa = PBXFileReference; lastKnownFileType = sourcecode.swift; path = CustomChannelViewController.swift; sourceTree = "<group>"; };
		7207A5652C994CED00764961 /* CustomChatMessageListVC.swift */ = {isa = PBXFileReference; lastKnownFileType = sourcecode.swift; path = CustomChatMessageListVC.swift; sourceTree = "<group>"; };
		72B245C92C920BA600C98322 /* Chatterly.app */ = {isa = PBXFileReference; explicitFileType = wrapper.application; includeInIndex = 0; path = Chatterly.app; sourceTree = BUILT_PRODUCTS_DIR; };
		72B245CC2C920BA600C98322 /* AppDelegate.swift */ = {isa = PBXFileReference; lastKnownFileType = sourcecode.swift; path = AppDelegate.swift; sourceTree = "<group>"; };
		72B245CE2C920BA600C98322 /* SceneDelegate.swift */ = {isa = PBXFileReference; lastKnownFileType = sourcecode.swift; path = SceneDelegate.swift; sourceTree = "<group>"; };
		72B245D02C920BA600C98322 /* ViewController.swift */ = {isa = PBXFileReference; lastKnownFileType = sourcecode.swift; path = ViewController.swift; sourceTree = "<group>"; };
		72B245D32C920BA600C98322 /* Base */ = {isa = PBXFileReference; lastKnownFileType = file.storyboard; name = Base; path = Base.lproj/Main.storyboard; sourceTree = "<group>"; };
		72B245D52C920BA700C98322 /* Assets.xcassets */ = {isa = PBXFileReference; lastKnownFileType = folder.assetcatalog; path = Assets.xcassets; sourceTree = "<group>"; };
		72B245D82C920BA700C98322 /* Base */ = {isa = PBXFileReference; lastKnownFileType = file.storyboard; name = Base; path = Base.lproj/LaunchScreen.storyboard; sourceTree = "<group>"; };
		72B245DA2C920BA700C98322 /* Info.plist */ = {isa = PBXFileReference; lastKnownFileType = text.plist.xml; path = Info.plist; sourceTree = "<group>"; };
/* End PBXFileReference section */

/* Begin PBXFrameworksBuildPhase section */
		72B245C62C920BA600C98322 /* Frameworks */ = {
			isa = PBXFrameworksBuildPhase;
			buildActionMask = 2147483647;
			files = (
				7207A5582C93289200764961 /* StreamChatUI in Frameworks */,
				7207A5562C93289200764961 /* StreamChat in Frameworks */,
			);
			runOnlyForDeploymentPostprocessing = 0;
		};
/* End PBXFrameworksBuildPhase section */

/* Begin PBXGroup section */
		7207A5592C93289C00764961 /* ChatManger */ = {
			isa = PBXGroup;
			children = (
				7207A55A2C9328B100764961 /* ChatManager.swift */,
			);
			path = ChatManger;
			sourceTree = "<group>";
		};
		7207A55C2C93780400764961 /* ChatsTheme */ = {
			isa = PBXGroup;
			children = (
				7207A55D2C93782900764961 /* iMessageChannelListItemView.swift */,
				7207A55F2C9383FD00764961 /* CustomChatChannelHeaderView.swift */,
				7207A5612C942BE400764961 /* ChatChannelListCollectionViewCell.swift */,
				7207A5632C9446D500764961 /* CustomChannelViewController.swift */,
				7207A5652C994CED00764961 /* CustomChatMessageListVC.swift */,
			);
			path = ChatsTheme;
			sourceTree = "<group>";
		};
		72B245C02C920BA600C98322 = {
			isa = PBXGroup;
			children = (
				72B245CB2C920BA600C98322 /* Chatterly */,
				72B245CA2C920BA600C98322 /* Products */,
			);
			sourceTree = "<group>";
		};
		72B245CA2C920BA600C98322 /* Products */ = {
			isa = PBXGroup;
			children = (
				72B245C92C920BA600C98322 /* Chatterly.app */,
			);
			name = Products;
			sourceTree = "<group>";
		};
		72B245CB2C920BA600C98322 /* Chatterly */ = {
			isa = PBXGroup;
			children = (
				7207A55C2C93780400764961 /* ChatsTheme */,
				7207A5592C93289C00764961 /* ChatManger */,
				72B245CC2C920BA600C98322 /* AppDelegate.swift */,
				72B245CE2C920BA600C98322 /* SceneDelegate.swift */,
				72B245D02C920BA600C98322 /* ViewController.swift */,
				72B245D22C920BA600C98322 /* Main.storyboard */,
				72B245D52C920BA700C98322 /* Assets.xcassets */,
				72B245D72C920BA700C98322 /* LaunchScreen.storyboard */,
				72B245DA2C920BA700C98322 /* Info.plist */,
			);
			path = Chatterly;
			sourceTree = "<group>";
		};
/* End PBXGroup section */

/* Begin PBXNativeTarget section */
		72B245C82C920BA600C98322 /* Chatterly */ = {
			isa = PBXNativeTarget;
			buildConfigurationList = 72B245DD2C920BA700C98322 /* Build configuration list for PBXNativeTarget "Chatterly" */;
			buildPhases = (
				72B245C52C920BA600C98322 /* Sources */,
				72B245C62C920BA600C98322 /* Frameworks */,
				72B245C72C920BA600C98322 /* Resources */,
			);
			buildRules = (
			);
			dependencies = (
			);
			name = Chatterly;
			packageProductDependencies = (
				7207A5552C93289200764961 /* StreamChat */,
				7207A5572C93289200764961 /* StreamChatUI */,
			);
			productName = Chatterly;
			productReference = 72B245C92C920BA600C98322 /* Chatterly.app */;
			productType = "com.apple.product-type.application";
		};
/* End PBXNativeTarget section */

/* Begin PBXProject section */
		72B245C12C920BA600C98322 /* Project object */ = {
			isa = PBXProject;
			attributes = {
				BuildIndependentTargetsInParallel = 1;
				LastSwiftUpdateCheck = 1520;
				LastUpgradeCheck = 1520;
				TargetAttributes = {
					72B245C82C920BA600C98322 = {
						CreatedOnToolsVersion = 15.2;
					};
				};
			};
			buildConfigurationList = 72B245C42C920BA600C98322 /* Build configuration list for PBXProject "Chatterly" */;
			compatibilityVersion = "Xcode 14.0";
			developmentRegion = en;
			hasScannedForEncodings = 0;
			knownRegions = (
				en,
				Base,
			);
			mainGroup = 72B245C02C920BA600C98322;
			packageReferences = (
				7207A5542C93289200764961 /* XCRemoteSwiftPackageReference "stream-chat-swift" */,
			);
			productRefGroup = 72B245CA2C920BA600C98322 /* Products */;
			projectDirPath = "";
			projectRoot = "";
			targets = (
				72B245C82C920BA600C98322 /* Chatterly */,
			);
		};
/* End PBXProject section */

/* Begin PBXResourcesBuildPhase section */
		72B245C72C920BA600C98322 /* Resources */ = {
			isa = PBXResourcesBuildPhase;
			buildActionMask = 2147483647;
			files = (
				72B245D92C920BA700C98322 /* LaunchScreen.storyboard in Resources */,
				72B245D62C920BA700C98322 /* Assets.xcassets in Resources */,
				72B245D42C920BA600C98322 /* Main.storyboard in Resources */,
			);
			runOnlyForDeploymentPostprocessing = 0;
		};
/* End PBXResourcesBuildPhase section */

/* Begin PBXSourcesBuildPhase section */
		72B245C52C920BA600C98322 /* Sources */ = {
			isa = PBXSourcesBuildPhase;
			buildActionMask = 2147483647;
			files = (
				7207A5662C994CED00764961 /* CustomChatMessageListVC.swift in Sources */,
				7207A5602C9383FD00764961 /* CustomChatChannelHeaderView.swift in Sources */,
				72B245D12C920BA600C98322 /* ViewController.swift in Sources */,
				7207A5622C942BE400764961 /* ChatChannelListCollectionViewCell.swift in Sources */,
				72B245CD2C920BA600C98322 /* AppDelegate.swift in Sources */,
				72B245CF2C920BA600C98322 /* SceneDelegate.swift in Sources */,
				7207A5642C9446D500764961 /* CustomChannelViewController.swift in Sources */,
				7207A55B2C9328B100764961 /* ChatManager.swift in Sources */,
				7207A55E2C93782900764961 /* iMessageChannelListItemView.swift in Sources */,
			);
			runOnlyForDeploymentPostprocessing = 0;
		};
/* End PBXSourcesBuildPhase section */

/* Begin PBXVariantGroup section */
		72B245D22C920BA600C98322 /* Main.storyboard */ = {
			isa = PBXVariantGroup;
			children = (
				72B245D32C920BA600C98322 /* Base */,
			);
			name = Main.storyboard;
			sourceTree = "<group>";
		};
		72B245D72C920BA700C98322 /* LaunchScreen.storyboard */ = {
			isa = PBXVariantGroup;
			children = (
				72B245D82C920BA700C98322 /* Base */,
			);
			name = LaunchScreen.storyboard;
			sourceTree = "<group>";
		};
/* End PBXVariantGroup section */

/* Begin XCBuildConfiguration section */
		72B245DB2C920BA700C98322 /* Debug */ = {
			isa = XCBuildConfiguration;
			buildSettings = {
				ALWAYS_SEARCH_USER_PATHS = NO;
				ASSETCATALOG_COMPILER_GENERATE_SWIFT_ASSET_SYMBOL_EXTENSIONS = YES;
				CLANG_ANALYZER_NONNULL = YES;
				CLANG_ANALYZER_NUMBER_OBJECT_CONVERSION = YES_AGGRESSIVE;
				CLANG_CXX_LANGUAGE_STANDARD = "gnu++20";
				CLANG_ENABLE_MODULES = YES;
				CLANG_ENABLE_OBJC_ARC = YES;
				CLANG_ENABLE_OBJC_WEAK = YES;
				CLANG_WARN_BLOCK_CAPTURE_AUTORELEASING = YES;
				CLANG_WARN_BOOL_CONVERSION = YES;
				CLANG_WARN_COMMA = YES;
				CLANG_WARN_CONSTANT_CONVERSION = YES;
				CLANG_WARN_DEPRECATED_OBJC_IMPLEMENTATIONS = YES;
				CLANG_WARN_DIRECT_OBJC_ISA_USAGE = YES_ERROR;
				CLANG_WARN_DOCUMENTATION_COMMENTS = YES;
				CLANG_WARN_EMPTY_BODY = YES;
				CLANG_WARN_ENUM_CONVERSION = YES;
				CLANG_WARN_INFINITE_RECURSION = YES;
				CLANG_WARN_INT_CONVERSION = YES;
				CLANG_WARN_NON_LITERAL_NULL_CONVERSION = YES;
				CLANG_WARN_OBJC_IMPLICIT_RETAIN_SELF = YES;
				CLANG_WARN_OBJC_LITERAL_CONVERSION = YES;
				CLANG_WARN_OBJC_ROOT_CLASS = YES_ERROR;
				CLANG_WARN_QUOTED_INCLUDE_IN_FRAMEWORK_HEADER = YES;
				CLANG_WARN_RANGE_LOOP_ANALYSIS = YES;
				CLANG_WARN_STRICT_PROTOTYPES = YES;
				CLANG_WARN_SUSPICIOUS_MOVE = YES;
				CLANG_WARN_UNGUARDED_AVAILABILITY = YES_AGGRESSIVE;
				CLANG_WARN_UNREACHABLE_CODE = YES;
				CLANG_WARN__DUPLICATE_METHOD_MATCH = YES;
				COPY_PHASE_STRIP = NO;
				DEBUG_INFORMATION_FORMAT = dwarf;
				ENABLE_STRICT_OBJC_MSGSEND = YES;
				ENABLE_TESTABILITY = YES;
				ENABLE_USER_SCRIPT_SANDBOXING = YES;
				GCC_C_LANGUAGE_STANDARD = gnu17;
				GCC_DYNAMIC_NO_PIC = NO;
				GCC_NO_COMMON_BLOCKS = YES;
				GCC_OPTIMIZATION_LEVEL = 0;
				GCC_PREPROCESSOR_DEFINITIONS = (
					"DEBUG=1",
					"$(inherited)",
				);
				GCC_WARN_64_TO_32_BIT_CONVERSION = YES;
				GCC_WARN_ABOUT_RETURN_TYPE = YES_ERROR;
				GCC_WARN_UNDECLARED_SELECTOR = YES;
				GCC_WARN_UNINITIALIZED_AUTOS = YES_AGGRESSIVE;
				GCC_WARN_UNUSED_FUNCTION = YES;
				GCC_WARN_UNUSED_VARIABLE = YES;
				IPHONEOS_DEPLOYMENT_TARGET = 17.2;
				LOCALIZATION_PREFERS_STRING_CATALOGS = YES;
				MTL_ENABLE_DEBUG_INFO = INCLUDE_SOURCE;
				MTL_FAST_MATH = YES;
				ONLY_ACTIVE_ARCH = YES;
				SDKROOT = iphoneos;
				SWIFT_ACTIVE_COMPILATION_CONDITIONS = "DEBUG $(inherited)";
				SWIFT_OPTIMIZATION_LEVEL = "-Onone";
			};
			name = Debug;
		};
		72B245DC2C920BA700C98322 /* Release */ = {
			isa = XCBuildConfiguration;
			buildSettings = {
				ALWAYS_SEARCH_USER_PATHS = NO;
				ASSETCATALOG_COMPILER_GENERATE_SWIFT_ASSET_SYMBOL_EXTENSIONS = YES;
				CLANG_ANALYZER_NONNULL = YES;
				CLANG_ANALYZER_NUMBER_OBJECT_CONVERSION = YES_AGGRESSIVE;
				CLANG_CXX_LANGUAGE_STANDARD = "gnu++20";
				CLANG_ENABLE_MODULES = YES;
				CLANG_ENABLE_OBJC_ARC = YES;
				CLANG_ENABLE_OBJC_WEAK = YES;
				CLANG_WARN_BLOCK_CAPTURE_AUTORELEASING = YES;
				CLANG_WARN_BOOL_CONVERSION = YES;
				CLANG_WARN_COMMA = YES;
				CLANG_WARN_CONSTANT_CONVERSION = YES;
				CLANG_WARN_DEPRECATED_OBJC_IMPLEMENTATIONS = YES;
				CLANG_WARN_DIRECT_OBJC_ISA_USAGE = YES_ERROR;
				CLANG_WARN_DOCUMENTATION_COMMENTS = YES;
				CLANG_WARN_EMPTY_BODY = YES;
				CLANG_WARN_ENUM_CONVERSION = YES;
				CLANG_WARN_INFINITE_RECURSION = YES;
				CLANG_WARN_INT_CONVERSION = YES;
				CLANG_WARN_NON_LITERAL_NULL_CONVERSION = YES;
				CLANG_WARN_OBJC_IMPLICIT_RETAIN_SELF = YES;
				CLANG_WARN_OBJC_LITERAL_CONVERSION = YES;
				CLANG_WARN_OBJC_ROOT_CLASS = YES_ERROR;
				CLANG_WARN_QUOTED_INCLUDE_IN_FRAMEWORK_HEADER = YES;
				CLANG_WARN_RANGE_LOOP_ANALYSIS = YES;
				CLANG_WARN_STRICT_PROTOTYPES = YES;
				CLANG_WARN_SUSPICIOUS_MOVE = YES;
				CLANG_WARN_UNGUARDED_AVAILABILITY = YES_AGGRESSIVE;
				CLANG_WARN_UNREACHABLE_CODE = YES;
				CLANG_WARN__DUPLICATE_METHOD_MATCH = YES;
				COPY_PHASE_STRIP = NO;
				DEBUG_INFORMATION_FORMAT = "dwarf-with-dsym";
				ENABLE_NS_ASSERTIONS = NO;
				ENABLE_STRICT_OBJC_MSGSEND = YES;
				ENABLE_USER_SCRIPT_SANDBOXING = YES;
				GCC_C_LANGUAGE_STANDARD = gnu17;
				GCC_NO_COMMON_BLOCKS = YES;
				GCC_WARN_64_TO_32_BIT_CONVERSION = YES;
				GCC_WARN_ABOUT_RETURN_TYPE = YES_ERROR;
				GCC_WARN_UNDECLARED_SELECTOR = YES;
				GCC_WARN_UNINITIALIZED_AUTOS = YES_AGGRESSIVE;
				GCC_WARN_UNUSED_FUNCTION = YES;
				GCC_WARN_UNUSED_VARIABLE = YES;
				IPHONEOS_DEPLOYMENT_TARGET = 17.2;
				LOCALIZATION_PREFERS_STRING_CATALOGS = YES;
				MTL_ENABLE_DEBUG_INFO = NO;
				MTL_FAST_MATH = YES;
				SDKROOT = iphoneos;
				SWIFT_COMPILATION_MODE = wholemodule;
				VALIDATE_PRODUCT = YES;
			};
			name = Release;
		};
		72B245DE2C920BA700C98322 /* Debug */ = {
			isa = XCBuildConfiguration;
			buildSettings = {
				ASSETCATALOG_COMPILER_APPICON_NAME = AppIcon;
				ASSETCATALOG_COMPILER_GLOBAL_ACCENT_COLOR_NAME = AccentColor;
				CODE_SIGN_STYLE = Manual;
				CURRENT_PROJECT_VERSION = 1;
				DEVELOPMENT_TEAM = "";
				GENERATE_INFOPLIST_FILE = YES;
				INFOPLIST_FILE = Chatterly/Info.plist;
				INFOPLIST_KEY_UIApplicationSupportsIndirectInputEvents = YES;
				INFOPLIST_KEY_UILaunchStoryboardName = LaunchScreen;
				INFOPLIST_KEY_UIMainStoryboardFile = Main;
				INFOPLIST_KEY_UISupportedInterfaceOrientations_iPad = "UIInterfaceOrientationPortrait UIInterfaceOrientationPortraitUpsideDown UIInterfaceOrientationLandscapeLeft UIInterfaceOrientationLandscapeRight";
				INFOPLIST_KEY_UISupportedInterfaceOrientations_iPhone = "UIInterfaceOrientationPortrait UIInterfaceOrientationLandscapeLeft UIInterfaceOrientationLandscapeRight";
				LD_RUNPATH_SEARCH_PATHS = (
					"$(inherited)",
					"@executable_path/Frameworks",
				);
				MARKETING_VERSION = 1.0;
				PRODUCT_BUNDLE_IDENTIFIER = com.Chatterly;
				PRODUCT_NAME = "$(TARGET_NAME)";
				PROVISIONING_PROFILE_SPECIFIER = "";
				SWIFT_EMIT_LOC_STRINGS = YES;
				SWIFT_VERSION = 5.0;
				TARGETED_DEVICE_FAMILY = "1,2";
			};
			name = Debug;
		};
		72B245DF2C920BA700C98322 /* Release */ = {
			isa = XCBuildConfiguration;
			buildSettings = {
				ASSETCATALOG_COMPILER_APPICON_NAME = AppIcon;
				ASSETCATALOG_COMPILER_GLOBAL_ACCENT_COLOR_NAME = AccentColor;
				CODE_SIGN_STYLE = Manual;
				CURRENT_PROJECT_VERSION = 1;
				DEVELOPMENT_TEAM = "";
				GENERATE_INFOPLIST_FILE = YES;
				INFOPLIST_FILE = Chatterly/Info.plist;
				INFOPLIST_KEY_UIApplicationSupportsIndirectInputEvents = YES;
				INFOPLIST_KEY_UILaunchStoryboardName = LaunchScreen;
				INFOPLIST_KEY_UIMainStoryboardFile = Main;
				INFOPLIST_KEY_UISupportedInterfaceOrientations_iPad = "UIInterfaceOrientationPortrait UIInterfaceOrientationPortraitUpsideDown UIInterfaceOrientationLandscapeLeft UIInterfaceOrientationLandscapeRight";
				INFOPLIST_KEY_UISupportedInterfaceOrientations_iPhone = "UIInterfaceOrientationPortrait UIInterfaceOrientationLandscapeLeft UIInterfaceOrientationLandscapeRight";
				LD_RUNPATH_SEARCH_PATHS = (
					"$(inherited)",
					"@executable_path/Frameworks",
				);
				MARKETING_VERSION = 1.0;
				PRODUCT_BUNDLE_IDENTIFIER = com.Chatterly.kol;
				PRODUCT_NAME = "$(TARGET_NAME)";
				PROVISIONING_PROFILE_SPECIFIER = "";
				SWIFT_EMIT_LOC_STRINGS = YES;
				SWIFT_VERSION = 5.0;
				TARGETED_DEVICE_FAMILY = "1,2";
			};
			name = Release;
		};
/* End XCBuildConfiguration section */

/* Begin XCConfigurationList section */
		72B245C42C920BA600C98322 /* Build configuration list for PBXProject "Chatterly" */ = {
			isa = XCConfigurationList;
			buildConfigurations = (
				72B245DB2C920BA700C98322 /* Debug */,
				72B245DC2C920BA700C98322 /* Release */,
			);
			defaultConfigurationIsVisible = 0;
			defaultConfigurationName = Release;
		};
		72B245DD2C920BA700C98322 /* Build configuration list for PBXNativeTarget "Chatterly" */ = {
			isa = XCConfigurationList;
			buildConfigurations = (
				72B245DE2C920BA700C98322 /* Debug */,
				72B245DF2C920BA700C98322 /* Release */,
			);
			defaultConfigurationIsVisible = 0;
			defaultConfigurationName = Release;
		};
/* End XCConfigurationList section */

/* Begin XCRemoteSwiftPackageReference section */
		7207A5542C93289200764961 /* XCRemoteSwiftPackageReference "stream-chat-swift" */ = {
			isa = XCRemoteSwiftPackageReference;
			repositoryURL = "https://github.com/getstream/stream-chat-swift";
			requirement = {
				kind = upToNextMajorVersion;
				minimumVersion = 4.63.0;
			};
		};
/* End XCRemoteSwiftPackageReference section */

/* Begin XCSwiftPackageProductDependency section */
		7207A5552C93289200764961 /* StreamChat */ = {
			isa = XCSwiftPackageProductDependency;
			package = 7207A5542C93289200764961 /* XCRemoteSwiftPackageReference "stream-chat-swift" */;
			productName = StreamChat;
		};
		7207A5572C93289200764961 /* StreamChatUI */ = {
			isa = XCSwiftPackageProductDependency;
			package = 7207A5542C93289200764961 /* XCRemoteSwiftPackageReference "stream-chat-swift" */;
			productName = StreamChatUI;
		};
/* End XCSwiftPackageProductDependency section */
	};
	rootObject = 72B245C12C920BA600C98322 /* Project object */;
}
